
Microsoft Visual Studio Solution File, Format Version 12.00
# Visual Studio Version 16
VisualStudioVersion = 16.0.30717.126
MinimumVisualStudioVersion = 10.0.40219.1
Project("{2150E333-8FDC-42A3-9474-1A3956D46DE8}") = "Microservices", "Microservices", "{8F67190B-3F97-423B-A967-A4D91DCA1565}"
EndProject
Project("{2150E333-8FDC-42A3-9474-1A3956D46DE8}") = "Domain", "Domain", "{15213D16-07A8-4DE9-9C92-418BED2647B0}"
EndProject
Project("{2150E333-8FDC-42A3-9474-1A3956D46DE8}") = "Infrastructur.IoC", "Infrastructur.IoC", "{32A552CE-F476-43C1-A781-5F44F985CF1F}"
EndProject
Project("{2150E333-8FDC-42A3-9474-1A3956D46DE8}") = "Presentation", "Presentation", "{41FC5A77-CA1A-4E30-A7D5-BC1F55E05BD6}"
EndProject
Project("{2150E333-8FDC-42A3-9474-1A3956D46DE8}") = "Infra.Bus", "Infra.Bus", "{CA99414A-482B-4B9A-9E26-E47DD90E2A36}"
EndProject
Project("{9A19103F-16F7-4668-BE54-9A1E7A4F7556}") = "MicroRabbit.Domain.Core", "MicroRabbit.Domain.Core\MicroRabbit.Domain.Core.csproj", "{D16EB1D3-EE66-4084-99D3-1C4E4D7A687C}"
EndProject
Project("{9A19103F-16F7-4668-BE54-9A1E7A4F7556}") = "MicroRabbit.Infra.Bus", "MicroRabbit.Infra.Bus\MicroRabbit.Infra.Bus.csproj", "{775C8283-6D34-4065-B3DC-96F766DF9A5A}"
	ProjectSection(ProjectDependencies) = postProject
		{D16EB1D3-EE66-4084-99D3-1C4E4D7A687C} = {D16EB1D3-EE66-4084-99D3-1C4E4D7A687C}
	EndProjectSection
EndProject
Project("{FAE04EC0-301F-11D3-BF4B-00C04F79EFBC}") = "MicroRabbit.Infra.IoC", "MicroRabbit.Infra.IoC\MicroRabbit.Infra.IoC.csproj", "{0A2EAD73-419A-432C-B3E0-8BDBE11DAC0B}"
EndProject
Global
	GlobalSection(SolutionConfigurationPlatforms) = preSolution
		Debug|Any CPU = Debug|Any CPU
		Release|Any CPU = Release|Any CPU
	EndGlobalSection
	GlobalSection(ProjectConfigurationPlatforms) = postSolution
		{D16EB1D3-EE66-4084-99D3-1C4E4D7A687C}.Debug|Any CPU.ActiveCfg = Debug|Any CPU
		{D16EB1D3-EE66-4084-99D3-1C4E4D7A687C}.Debug|Any CPU.Build.0 = Debug|Any CPU
		{D16EB1D3-EE66-4084-99D3-1C4E4D7A687C}.Release|Any CPU.ActiveCfg = Release|Any CPU
		{D16EB1D3-EE66-4084-99D3-1C4E4D7A687C}.Release|Any CPU.Build.0 = Release|Any CPU
		{775C8283-6D34-4065-B3DC-96F766DF9A5A}.Debug|Any CPU.ActiveCfg = Debug|Any CPU
		{775C8283-6D34-4065-B3DC-96F766DF9A5A}.Debug|Any CPU.Build.0 = Debug|Any CPU
		{775C8283-6D34-4065-B3DC-96F766DF9A5A}.Release|Any CPU.ActiveCfg = Release|Any CPU
		{775C8283-6D34-4065-B3DC-96F766DF9A5A}.Release|Any CPU.Build.0 = Release|Any CPU
		{0A2EAD73-419A-432C-B3E0-8BDBE11DAC0B}.Debug|Any CPU.ActiveCfg = Debug|Any CPU
		{0A2EAD73-419A-432C-B3E0-8BDBE11DAC0B}.Debug|Any CPU.Build.0 = Debug|Any CPU
		{0A2EAD73-419A-432C-B3E0-8BDBE11DAC0B}.Release|Any CPU.ActiveCfg = Release|Any CPU
		{0A2EAD73-419A-432C-B3E0-8BDBE11DAC0B}.Release|Any CPU.Build.0 = Release|Any CPU
	EndGlobalSection
	GlobalSection(SolutionProperties) = preSolution
		HideSolutionNode = FALSE
	EndGlobalSection
	GlobalSection(NestedProjects) = preSolution
		{D16EB1D3-EE66-4084-99D3-1C4E4D7A687C} = {15213D16-07A8-4DE9-9C92-418BED2647B0}
		{775C8283-6D34-4065-B3DC-96F766DF9A5A} = {CA99414A-482B-4B9A-9E26-E47DD90E2A36}
		{0A2EAD73-419A-432C-B3E0-8BDBE11DAC0B} = {32A552CE-F476-43C1-A781-5F44F985CF1F}
	EndGlobalSection
	GlobalSection(ExtensibilityGlobals) = postSolution
		SolutionGuid = {B16C2967-66A5-4C84-A011-F614B0BDF33C}
	EndGlobalSection
EndGlobal
