
Microsoft Visual Studio Solution File, Format Version 12.00
# Visual Studio Version 16
VisualStudioVersion = 16.0.30717.126
MinimumVisualStudioVersion = 10.0.40219.1
Project("{2150E333-8FDC-42A3-9474-1A3956D46DE8}") = "Microservices", "Microservices", "{8F67190B-3F97-423B-A967-A4D91DCA1565}"
EndProject
Project("{2150E333-8FDC-42A3-9474-1A3956D46DE8}") = "Domain", "Domain", "{15213D16-07A8-4DE9-9C92-418BED2647B0}"
EndProject
Project("{2150E333-8FDC-42A3-9474-1A3956D46DE8}") = "Infrastructur.IoC", "Infrastructur.IoC", "{32A552CE-F476-43C1-A781-5F44F985CF1F}"
EndProject
Project("{2150E333-8FDC-42A3-9474-1A3956D46DE8}") = "Presentation", "Presentation", "{41FC5A77-CA1A-4E30-A7D5-BC1F55E05BD6}"
EndProject
Project("{2150E333-8FDC-42A3-9474-1A3956D46DE8}") = "Infra.Bus", "Infra.Bus", "{CA99414A-482B-4B9A-9E26-E47DD90E2A36}"
EndProject
Project("{9A19103F-16F7-4668-BE54-9A1E7A4F7556}") = "MicroRabbit.Domain.Core", "MicroRabbit.Domain.Core\MicroRabbit.Domain.Core.csproj", "{D16EB1D3-EE66-4084-99D3-1C4E4D7A687C}"
EndProject
Project("{9A19103F-16F7-4668-BE54-9A1E7A4F7556}") = "MicroRabbit.Infra.Bus", "MicroRabbit.Infra.Bus\MicroRabbit.Infra.Bus.csproj", "{775C8283-6D34-4065-B3DC-96F766DF9A5A}"
	ProjectSection(ProjectDependencies) = postProject
		{D16EB1D3-EE66-4084-99D3-1C4E4D7A687C} = {D16EB1D3-EE66-4084-99D3-1C4E4D7A687C}
	EndProjectSection
EndProject
Project("{9A19103F-16F7-4668-BE54-9A1E7A4F7556}") = "MicroRabbit.Infra.IoC", "MicroRabbit.Infra.IoC\MicroRabbit.Infra.IoC.csproj", "{0A2EAD73-419A-432C-B3E0-8BDBE11DAC0B}"
EndProject
Project("{2150E333-8FDC-42A3-9474-1A3956D46DE8}") = "Banking", "Banking", "{89B2A0CF-486F-4E5E-8238-44CFEFF0B8ED}"
	ProjectSection(SolutionItems) = preProject
		MicroRabbit.Banking.Api\DesignTimeDbContextFactory.cs = MicroRabbit.Banking.Api\DesignTimeDbContextFactory.cs
	EndProjectSection
EndProject
Project("{2150E333-8FDC-42A3-9474-1A3956D46DE8}") = "Api", "Api", "{1C415433-44C6-4BE9-886C-458B323828D0}"
EndProject
Project("{2150E333-8FDC-42A3-9474-1A3956D46DE8}") = "Application", "Application", "{3390027A-369E-44EF-8C39-797732981456}"
EndProject
Project("{2150E333-8FDC-42A3-9474-1A3956D46DE8}") = "Data", "Data", "{BA577541-698E-4BAB-8248-8D0FE3BBAF8F}"
EndProject
Project("{2150E333-8FDC-42A3-9474-1A3956D46DE8}") = "Domain", "Domain", "{954A22C1-9859-4EDB-A319-8BF310B941F7}"
EndProject
Project("{9A19103F-16F7-4668-BE54-9A1E7A4F7556}") = "MicroRabbit.Banking.Api", "MicroRabbit.Banking.Api\MicroRabbit.Banking.Api.csproj", "{ECDA83B0-EF5D-4F13-814E-02B825B50359}"
EndProject
Project("{9A19103F-16F7-4668-BE54-9A1E7A4F7556}") = "MicroRabbit.Banking.Application", "MicroRabbit.Banking.Application\MicroRabbit.Banking.Application.csproj", "{93F972F0-7D30-47CC-BC53-98C38F1D927D}"
EndProject
Project("{9A19103F-16F7-4668-BE54-9A1E7A4F7556}") = "MicroRabbit.Banking.Data", "MicroRabbit.Banking.Data\MicroRabbit.Banking.Data.csproj", "{8ED9F83B-2D75-4DD0-A132-34601FC92F40}"
EndProject
Project("{9A19103F-16F7-4668-BE54-9A1E7A4F7556}") = "MicroRabbit.Banking.Domain", "MicroRabbit.Banking.Domain\MicroRabbit.Banking.Domain.csproj", "{90FF870D-B03A-44F2-A6B1-D428AEAA94FF}"
EndProject
Project("{2150E333-8FDC-42A3-9474-1A3956D46DE8}") = "Transfer", "Transfer", "{773F57F5-694C-479A-83F7-4B99242AA451}"
EndProject
Project("{2150E333-8FDC-42A3-9474-1A3956D46DE8}") = "Api", "Api", "{59B185CA-F272-4E9D-90A8-138C65A32073}"
EndProject
Project("{2150E333-8FDC-42A3-9474-1A3956D46DE8}") = "Application", "Application", "{3833226E-5644-4128-9B2B-65FF71695D1A}"
EndProject
Project("{2150E333-8FDC-42A3-9474-1A3956D46DE8}") = "Data", "Data", "{65F8653E-D19D-48B5-8BA3-F6E62B2C594F}"
EndProject
Project("{2150E333-8FDC-42A3-9474-1A3956D46DE8}") = "Domain", "Domain", "{B7F3AC84-9B18-471E-A61E-6D172146B8B5}"
EndProject
Project("{FAE04EC0-301F-11D3-BF4B-00C04F79EFBC}") = "MicroRabbit.Transfer.Api", "MicroRabbit.Transfer.Api\MicroRabbit.Transfer.Api.csproj", "{8036C855-F7A9-43DA-B449-23CEAC0B23F6}"
EndProject
Project("{FAE04EC0-301F-11D3-BF4B-00C04F79EFBC}") = "MicroRabbit.Transfer.Application", "MicroRabbit.Transfer.Application\MicroRabbit.Transfer.Application.csproj", "{500E61AB-8C75-4F03-94DA-8FADA13D73BE}"
EndProject
Project("{FAE04EC0-301F-11D3-BF4B-00C04F79EFBC}") = "MicroRabbit.Transfer.Domain", "MicroRabbit.Transfer.Domain\MicroRabbit.Transfer.Domain.csproj", "{AC3C4C0B-D51F-450C-A9B9-281057871BDF}"
EndProject
Project("{FAE04EC0-301F-11D3-BF4B-00C04F79EFBC}") = "MicroRabbit.Transfer.Data", "MicroRabbit.Transfer.Data\MicroRabbit.Transfer.Data.csproj", "{7703C463-AFA1-4BB6-B719-B5476CF667BE}"
EndProject
Global
	GlobalSection(SolutionConfigurationPlatforms) = preSolution
		Debug|Any CPU = Debug|Any CPU
		Release|Any CPU = Release|Any CPU
	EndGlobalSection
	GlobalSection(ProjectConfigurationPlatforms) = postSolution
		{D16EB1D3-EE66-4084-99D3-1C4E4D7A687C}.Debug|Any CPU.ActiveCfg = Debug|Any CPU
		{D16EB1D3-EE66-4084-99D3-1C4E4D7A687C}.Debug|Any CPU.Build.0 = Debug|Any CPU
		{D16EB1D3-EE66-4084-99D3-1C4E4D7A687C}.Release|Any CPU.ActiveCfg = Release|Any CPU
		{D16EB1D3-EE66-4084-99D3-1C4E4D7A687C}.Release|Any CPU.Build.0 = Release|Any CPU
		{775C8283-6D34-4065-B3DC-96F766DF9A5A}.Debug|Any CPU.ActiveCfg = Debug|Any CPU
		{775C8283-6D34-4065-B3DC-96F766DF9A5A}.Debug|Any CPU.Build.0 = Debug|Any CPU
		{775C8283-6D34-4065-B3DC-96F766DF9A5A}.Release|Any CPU.ActiveCfg = Release|Any CPU
		{775C8283-6D34-4065-B3DC-96F766DF9A5A}.Release|Any CPU.Build.0 = Release|Any CPU
		{0A2EAD73-419A-432C-B3E0-8BDBE11DAC0B}.Debug|Any CPU.ActiveCfg = Debug|Any CPU
		{0A2EAD73-419A-432C-B3E0-8BDBE11DAC0B}.Debug|Any CPU.Build.0 = Debug|Any CPU
		{0A2EAD73-419A-432C-B3E0-8BDBE11DAC0B}.Release|Any CPU.ActiveCfg = Release|Any CPU
		{0A2EAD73-419A-432C-B3E0-8BDBE11DAC0B}.Release|Any CPU.Build.0 = Release|Any CPU
		{ECDA83B0-EF5D-4F13-814E-02B825B50359}.Debug|Any CPU.ActiveCfg = Debug|Any CPU
		{ECDA83B0-EF5D-4F13-814E-02B825B50359}.Debug|Any CPU.Build.0 = Debug|Any CPU
		{ECDA83B0-EF5D-4F13-814E-02B825B50359}.Release|Any CPU.ActiveCfg = Release|Any CPU
		{ECDA83B0-EF5D-4F13-814E-02B825B50359}.Release|Any CPU.Build.0 = Release|Any CPU
		{93F972F0-7D30-47CC-BC53-98C38F1D927D}.Debug|Any CPU.ActiveCfg = Debug|Any CPU
		{93F972F0-7D30-47CC-BC53-98C38F1D927D}.Debug|Any CPU.Build.0 = Debug|Any CPU
		{93F972F0-7D30-47CC-BC53-98C38F1D927D}.Release|Any CPU.ActiveCfg = Release|Any CPU
		{93F972F0-7D30-47CC-BC53-98C38F1D927D}.Release|Any CPU.Build.0 = Release|Any CPU
		{8ED9F83B-2D75-4DD0-A132-34601FC92F40}.Debug|Any CPU.ActiveCfg = Debug|Any CPU
		{8ED9F83B-2D75-4DD0-A132-34601FC92F40}.Debug|Any CPU.Build.0 = Debug|Any CPU
		{8ED9F83B-2D75-4DD0-A132-34601FC92F40}.Release|Any CPU.ActiveCfg = Release|Any CPU
		{8ED9F83B-2D75-4DD0-A132-34601FC92F40}.Release|Any CPU.Build.0 = Release|Any CPU
		{90FF870D-B03A-44F2-A6B1-D428AEAA94FF}.Debug|Any CPU.ActiveCfg = Debug|Any CPU
		{90FF870D-B03A-44F2-A6B1-D428AEAA94FF}.Debug|Any CPU.Build.0 = Debug|Any CPU
		{90FF870D-B03A-44F2-A6B1-D428AEAA94FF}.Release|Any CPU.ActiveCfg = Release|Any CPU
		{90FF870D-B03A-44F2-A6B1-D428AEAA94FF}.Release|Any CPU.Build.0 = Release|Any CPU
		{8036C855-F7A9-43DA-B449-23CEAC0B23F6}.Debug|Any CPU.ActiveCfg = Debug|Any CPU
		{8036C855-F7A9-43DA-B449-23CEAC0B23F6}.Debug|Any CPU.Build.0 = Debug|Any CPU
		{8036C855-F7A9-43DA-B449-23CEAC0B23F6}.Release|Any CPU.ActiveCfg = Release|Any CPU
		{8036C855-F7A9-43DA-B449-23CEAC0B23F6}.Release|Any CPU.Build.0 = Release|Any CPU
		{500E61AB-8C75-4F03-94DA-8FADA13D73BE}.Debug|Any CPU.ActiveCfg = Debug|Any CPU
		{500E61AB-8C75-4F03-94DA-8FADA13D73BE}.Debug|Any CPU.Build.0 = Debug|Any CPU
		{500E61AB-8C75-4F03-94DA-8FADA13D73BE}.Release|Any CPU.ActiveCfg = Release|Any CPU
		{500E61AB-8C75-4F03-94DA-8FADA13D73BE}.Release|Any CPU.Build.0 = Release|Any CPU
		{AC3C4C0B-D51F-450C-A9B9-281057871BDF}.Debug|Any CPU.ActiveCfg = Debug|Any CPU
		{AC3C4C0B-D51F-450C-A9B9-281057871BDF}.Debug|Any CPU.Build.0 = Debug|Any CPU
		{AC3C4C0B-D51F-450C-A9B9-281057871BDF}.Release|Any CPU.ActiveCfg = Release|Any CPU
		{AC3C4C0B-D51F-450C-A9B9-281057871BDF}.Release|Any CPU.Build.0 = Release|Any CPU
		{7703C463-AFA1-4BB6-B719-B5476CF667BE}.Debug|Any CPU.ActiveCfg = Debug|Any CPU
		{7703C463-AFA1-4BB6-B719-B5476CF667BE}.Debug|Any CPU.Build.0 = Debug|Any CPU
		{7703C463-AFA1-4BB6-B719-B5476CF667BE}.Release|Any CPU.ActiveCfg = Release|Any CPU
		{7703C463-AFA1-4BB6-B719-B5476CF667BE}.Release|Any CPU.Build.0 = Release|Any CPU
	EndGlobalSection
	GlobalSection(SolutionProperties) = preSolution
		HideSolutionNode = FALSE
	EndGlobalSection
	GlobalSection(NestedProjects) = preSolution
		{D16EB1D3-EE66-4084-99D3-1C4E4D7A687C} = {15213D16-07A8-4DE9-9C92-418BED2647B0}
		{775C8283-6D34-4065-B3DC-96F766DF9A5A} = {CA99414A-482B-4B9A-9E26-E47DD90E2A36}
		{0A2EAD73-419A-432C-B3E0-8BDBE11DAC0B} = {32A552CE-F476-43C1-A781-5F44F985CF1F}
		{89B2A0CF-486F-4E5E-8238-44CFEFF0B8ED} = {8F67190B-3F97-423B-A967-A4D91DCA1565}
		{1C415433-44C6-4BE9-886C-458B323828D0} = {89B2A0CF-486F-4E5E-8238-44CFEFF0B8ED}
		{3390027A-369E-44EF-8C39-797732981456} = {89B2A0CF-486F-4E5E-8238-44CFEFF0B8ED}
		{BA577541-698E-4BAB-8248-8D0FE3BBAF8F} = {89B2A0CF-486F-4E5E-8238-44CFEFF0B8ED}
		{954A22C1-9859-4EDB-A319-8BF310B941F7} = {89B2A0CF-486F-4E5E-8238-44CFEFF0B8ED}
		{ECDA83B0-EF5D-4F13-814E-02B825B50359} = {1C415433-44C6-4BE9-886C-458B323828D0}
		{93F972F0-7D30-47CC-BC53-98C38F1D927D} = {3390027A-369E-44EF-8C39-797732981456}
		{8ED9F83B-2D75-4DD0-A132-34601FC92F40} = {BA577541-698E-4BAB-8248-8D0FE3BBAF8F}
		{90FF870D-B03A-44F2-A6B1-D428AEAA94FF} = {954A22C1-9859-4EDB-A319-8BF310B941F7}
		{773F57F5-694C-479A-83F7-4B99242AA451} = {8F67190B-3F97-423B-A967-A4D91DCA1565}
		{59B185CA-F272-4E9D-90A8-138C65A32073} = {773F57F5-694C-479A-83F7-4B99242AA451}
		{3833226E-5644-4128-9B2B-65FF71695D1A} = {773F57F5-694C-479A-83F7-4B99242AA451}
		{65F8653E-D19D-48B5-8BA3-F6E62B2C594F} = {773F57F5-694C-479A-83F7-4B99242AA451}
		{B7F3AC84-9B18-471E-A61E-6D172146B8B5} = {773F57F5-694C-479A-83F7-4B99242AA451}
		{8036C855-F7A9-43DA-B449-23CEAC0B23F6} = {59B185CA-F272-4E9D-90A8-138C65A32073}
		{500E61AB-8C75-4F03-94DA-8FADA13D73BE} = {3833226E-5644-4128-9B2B-65FF71695D1A}
		{AC3C4C0B-D51F-450C-A9B9-281057871BDF} = {B7F3AC84-9B18-471E-A61E-6D172146B8B5}
		{7703C463-AFA1-4BB6-B719-B5476CF667BE} = {65F8653E-D19D-48B5-8BA3-F6E62B2C594F}
	EndGlobalSection
	GlobalSection(ExtensibilityGlobals) = postSolution
		SolutionGuid = {B16C2967-66A5-4C84-A011-F614B0BDF33C}
	EndGlobalSection
EndGlobal
